
Microsoft Visual Studio Solution File, Format Version 12.00
# Visual Studio Version 17
VisualStudioVersion = 17.12.35209.166
MinimumVisualStudioVersion = 10.0.40219.1
Project("{FAE04EC0-301F-11D3-BF4B-00C04F79EFBC}") = "Fantasy lands", "Fantasy lands\Fantasy lands.csproj", "{B7BE20B7-6841-471F-8DF1-ACE98209DBD4}"
EndProject
Global
	GlobalSection(SolutionConfigurationPlatforms) = preSolution
		Debug|Any CPU = Debug|Any CPU
		Release|Any CPU = Release|Any CPU
	EndGlobalSection
	GlobalSection(ProjectConfigurationPlatforms) = postSolution
		{B7BE20B7-6841-471F-8DF1-ACE98209DBD4}.Debug|Any CPU.ActiveCfg = Debug|Any CPU
		{B7BE20B7-6841-471F-8DF1-ACE98209DBD4}.Debug|Any CPU.Build.0 = Debug|Any CPU
		{B7BE20B7-6841-471F-8DF1-ACE98209DBD4}.Release|Any CPU.ActiveCfg = Release|Any CPU
		{B7BE20B7-6841-471F-8DF1-ACE98209DBD4}.Release|Any CPU.Build.0 = Release|Any CPU
	EndGlobalSection
	GlobalSection(SolutionProperties) = preSolution
		HideSolutionNode = FALSE
	EndGlobalSection
	GlobalSection(ExtensibilityGlobals) = postSolution
		SolutionGuid = {767CCFAC-1B3A-4169-9992-C859FE17E38F}
	EndGlobalSection
EndGlobal
